<?xml version="1.0" encoding="utf-8"?>
<Project ToolsVersion="4.0" xmlns="http://schemas.microsoft.com/developer/msbuild/2003">
  <ItemGroup>
    <ClCompile Include="CppSQLite3U.cpp">
      <Filter>C</Filter>
    </ClCompile>
    <ClCompile Include="CredentialsViewerTool.cpp">
      <Filter>C</Filter>
    </ClCompile>
    <ClCompile Include="CredentialsViewerToolDlg.cpp">
      <Filter>C</Filter>
    </ClCompile>
    <ClCompile Include="ListCredentials.cpp">
      <Filter>C</Filter>
    </ClCompile>
    <ClCompile Include="TabCtrlSSL.cpp">
      <Filter>C</Filter>
    </ClCompile>
    <ClCompile Include="SG_Helper_base64.cpp">
      <Filter>C</Filter>
    </ClCompile>
    <ClCompile Include="TabPageSSL.cpp">
      <Filter>C</Filter>
    </ClCompile>
    <ClCompile Include="util.cpp">
      <Filter>C</Filter>
    </ClCompile>
    <ClCompile Include="chrome_secrets.cpp">
      <Filter>C</Filter>
    </ClCompile>
    <ClCompile Include="SQLite3.c">
      <Filter>C</Filter>
    </ClCompile>
    <ClCompile Include="stdafx.cpp">
      <Filter>C</Filter>
    </ClCompile>
    <ClCompile Include="SG_ProgramSettings.cpp">
      <Filter>C</Filter>
    </ClCompile>
    <ClCompile Include="SG_Button.cpp">
      <Filter>C</Filter>
    </ClCompile>
  </ItemGroup>
  <ItemGroup>
    <ClInclude Include="easysize.h">
      <Filter>H</Filter>
    </ClInclude>
    <ClInclude Include="global.h">
      <Filter>H</Filter>
    </ClInclude>
    <ClInclude Include="ListCredentials.h">
      <Filter>H</Filter>
    </ClInclude>
    <ClInclude Include="pstore.h">
      <Filter>H</Filter>
    </ClInclude>
    <ClInclude Include="Resource.h">
      <Filter>H</Filter>
    </ClInclude>
    <ClInclude Include="SG_Browsers_Credentials.h">
      <Filter>H</Filter>
    </ClInclude>
    <ClInclude Include="TabCtrlSSL.h">
      <Filter>H</Filter>
    </ClInclude>
    <ClInclude Include="TabPageSSL.h">
      <Filter>H</Filter>
    </ClInclude>
    <ClInclude Include="targetver.h">
      <Filter>H</Filter>
    </ClInclude>
    <ClInclude Include="Utils.h">
      <Filter>H</Filter>
    </ClInclude>
    <ClInclude Include="stdafx.h">
      <Filter>H</Filter>
    </ClInclude>
    <ClInclude Include="chrome_secrets.h">
      <Filter>H</Filter>
    </ClInclude>
    <ClInclude Include="CredentialsViewerTool.h">
      <Filter>H</Filter>
    </ClInclude>
    <ClInclude Include="CredentialsViewerToolDlg.h">
      <Filter>H</Filter>
    </ClInclude>
    <ClInclude Include="SG_ProgramSettings.h">
      <Filter>H</Filter>
    </ClInclude>
    <ClInclude Include="SG_Button.h">
      <Filter>H</Filter>
    </ClInclude>
  </ItemGroup>
  <ItemGroup>
    <Image Include="res\chrome.bmp">
      <Filter>Res</Filter>
    </Image>
    <Image Include="res\close1.bmp">
      <Filter>Res</Filter>
    </Image>
    <Image Include="res\close2.bmp">
      <Filter>Res</Filter>
    </Image>
    <Image Include="res\CredentialsTool.ico">
      <Filter>Res</Filter>
    </Image>
    <Image Include="res\icon1.ico">
      <Filter>Res</Filter>
    </Image>
    <Image Include="res\icon2.ico">
      <Filter>Res</Filter>
    </Image>
    <Image Include="res\maxmize1.bmp">
      <Filter>Res</Filter>
    </Image>
    <Image Include="res\maxmize2.bmp">
      <Filter>Res</Filter>
    </Image>
    <Image Include="res\minimize.bmp">
      <Filter>Res</Filter>
    </Image>
    <Image Include="res\minimize2.bmp">
      <Filter>Res</Filter>
    </Image>
    <Image Include="res\original1.bmp">
      <Filter>Res</Filter>
    </Image>
    <Image Include="res\original2.bmp">
      <Filter>Res</Filter>
    </Image>
    <Image Include="res\sg.ico">
      <Filter>Res</Filter>
    </Image>
    <Image Include="res\title.bmp">
      <Filter>Res</Filter>
    </Image>
    <Image Include="res\setting1.bmp">
      <Filter>Res</Filter>
    </Image>
    <Image Include="res\setting2.bmp">
      <Filter>Res</Filter>
    </Image>
  </ItemGroup>
  <ItemGroup>
    <Filter Include="C">
      <UniqueIdentifier>{64bae4db-dbc0-4abf-95b8-bfd8f0272281}</UniqueIdentifier>
    </Filter>
    <Filter Include="H">
      <UniqueIdentifier>{7a6a9c5b-eb63-4736-9ee5-e17ed063aa77}</UniqueIdentifier>
    </Filter>
    <Filter Include="Res">
      <UniqueIdentifier>{83412d3d-44a8-47a7-b671-673a8287fb68}</UniqueIdentifier>
    </Filter>
  </ItemGroup>
  <ItemGroup>
    <ResourceCompile Include="CredentialsTool.rc">
      <Filter>Res</Filter>
    </ResourceCompile>
  </ItemGroup>
  <ItemGroup>
    <None Include="res\CredentialsTool.rc2">
      <Filter>Res</Filter>
    </None>
  </ItemGroup>
</Project>